
Microsoft Visual Studio Solution File, Format Version 12.00
# Visual Studio Version 17
VisualStudioVersion = 17.4.33122.133
MinimumVisualStudioVersion = 10.0.40219.1
Project("{FAE04EC0-301F-11D3-BF4B-00C04F79EFBC}") = "WPFLearning", "WPFLearning\WPFLearning.csproj", "{B3B8E1F2-4DF9-4B61-BA6B-6DD5F4B7C4C6}"
EndProject
Global
	GlobalSection(SolutionConfigurationPlatforms) = preSolution
		Debug|Any CPU = Debug|Any CPU
		Release|Any CPU = Release|Any CPU
	EndGlobalSection
	GlobalSection(ProjectConfigurationPlatforms) = postSolution
		{B3B8E1F2-4DF9-4B61-BA6B-6DD5F4B7C4C6}.Debug|Any CPU.ActiveCfg = Debug|Any CPU
		{B3B8E1F2-4DF9-4B61-BA6B-6DD5F4B7C4C6}.Debug|Any CPU.Build.0 = Debug|Any CPU
		{B3B8E1F2-4DF9-4B61-BA6B-6DD5F4B7C4C6}.Release|Any CPU.ActiveCfg = Release|Any CPU
		{B3B8E1F2-4DF9-4B61-BA6B-6DD5F4B7C4C6}.Release|Any CPU.Build.0 = Release|Any CPU
	EndGlobalSection
	GlobalSection(SolutionProperties) = preSolution
		HideSolutionNode = FALSE
	EndGlobalSection
	GlobalSection(ExtensibilityGlobals) = postSolution
		SolutionGuid = {C1DC5C87-42A9-42CD-90B6-543A01277459}
	EndGlobalSection
EndGlobal
